
Microsoft Visual Studio Solution File, Format Version 12.00
# Visual Studio 15
VisualStudioVersion = 15.0.28307.1022
MinimumVisualStudioVersion = 10.0.40219.1
Project("{FAE04EC0-301F-11D3-BF4B-00C04F79EFBC}") = "Kd_WCG_2v", "Kd_WCG_2v\Kd_WCG_2v.csproj", "{BCD30F9E-7B2F-4600-B8AD-BCB9DE112F01}"
	ProjectSection(ProjectDependencies) = postProject
		{21C1EE0B-F6AA-4F19-B0DB-30AC324A4EA8} = {21C1EE0B-F6AA-4F19-B0DB-30AC324A4EA8}
	EndProjectSection
EndProject
Project("{E24C65DC-7377-472B-9ABA-BC803B73C61A}") = "Web_2v", "Web_2v\", "{E31CA739-26A8-4D07-A72E-10EC945BC7B3}"
	ProjectSection(WebsiteProperties) = preProject
		TargetFrameworkMoniker = ".NETFramework,Version%3Dv4.6.1"
		Debug.AspNetCompiler.VirtualPath = "/localhost_51281"
		Debug.AspNetCompiler.PhysicalPath = "Web_2v\"
		Debug.AspNetCompiler.TargetPath = "PrecompiledWeb\localhost_51281\"
		Debug.AspNetCompiler.Updateable = "true"
		Debug.AspNetCompiler.ForceOverwrite = "true"
		Debug.AspNetCompiler.FixedNames = "false"
		Debug.AspNetCompiler.Debug = "True"
		Release.AspNetCompiler.VirtualPath = "/localhost_51281"
		Release.AspNetCompiler.PhysicalPath = "Web_2v\"
		Release.AspNetCompiler.TargetPath = "PrecompiledWeb\localhost_51281\"
		Release.AspNetCompiler.Updateable = "true"
		Release.AspNetCompiler.ForceOverwrite = "true"
		Release.AspNetCompiler.FixedNames = "false"
		Release.AspNetCompiler.Debug = "False"
		VWDPort = "51281"
		SlnRelativePath = "Web_2v\"
		DefaultWebSiteLanguage = "Visual C#"
	EndProjectSection
	ProjectSection(ProjectDependencies) = postProject
		{21C1EE0B-F6AA-4F19-B0DB-30AC324A4EA8} = {21C1EE0B-F6AA-4F19-B0DB-30AC324A4EA8}
	EndProjectSection
EndProject
Project("{FAE04EC0-301F-11D3-BF4B-00C04F79EFBC}") = "Wcf_2v", "Wcf_2v\Wcf_2v.csproj", "{21C1EE0B-F6AA-4F19-B0DB-30AC324A4EA8}"
EndProject
Global
	GlobalSection(SolutionConfigurationPlatforms) = preSolution
		Debug|Any CPU = Debug|Any CPU
		Release|Any CPU = Release|Any CPU
	EndGlobalSection
	GlobalSection(ProjectConfigurationPlatforms) = postSolution
		{BCD30F9E-7B2F-4600-B8AD-BCB9DE112F01}.Debug|Any CPU.ActiveCfg = Debug|Any CPU
		{BCD30F9E-7B2F-4600-B8AD-BCB9DE112F01}.Debug|Any CPU.Build.0 = Debug|Any CPU
		{BCD30F9E-7B2F-4600-B8AD-BCB9DE112F01}.Release|Any CPU.ActiveCfg = Release|Any CPU
		{BCD30F9E-7B2F-4600-B8AD-BCB9DE112F01}.Release|Any CPU.Build.0 = Release|Any CPU
		{E31CA739-26A8-4D07-A72E-10EC945BC7B3}.Debug|Any CPU.ActiveCfg = Debug|Any CPU
		{E31CA739-26A8-4D07-A72E-10EC945BC7B3}.Debug|Any CPU.Build.0 = Debug|Any CPU
		{E31CA739-26A8-4D07-A72E-10EC945BC7B3}.Release|Any CPU.ActiveCfg = Debug|Any CPU
		{E31CA739-26A8-4D07-A72E-10EC945BC7B3}.Release|Any CPU.Build.0 = Debug|Any CPU
		{21C1EE0B-F6AA-4F19-B0DB-30AC324A4EA8}.Debug|Any CPU.ActiveCfg = Debug|Any CPU
		{21C1EE0B-F6AA-4F19-B0DB-30AC324A4EA8}.Debug|Any CPU.Build.0 = Debug|Any CPU
		{21C1EE0B-F6AA-4F19-B0DB-30AC324A4EA8}.Release|Any CPU.ActiveCfg = Release|Any CPU
		{21C1EE0B-F6AA-4F19-B0DB-30AC324A4EA8}.Release|Any CPU.Build.0 = Release|Any CPU
	EndGlobalSection
	GlobalSection(SolutionProperties) = preSolution
		HideSolutionNode = FALSE
	EndGlobalSection
	GlobalSection(ExtensibilityGlobals) = postSolution
		SolutionGuid = {E7F623CA-2052-441E-BBDF-0CE5EC6A576C}
	EndGlobalSection
EndGlobal
