
Microsoft Visual Studio Solution File, Format Version 12.00
# Visual Studio 15
VisualStudioVersion = 15.0.28307.1022
MinimumVisualStudioVersion = 10.0.40219.1
Project("{FAE04EC0-301F-11D3-BF4B-00C04F79EFBC}") = "LINQ-KD2", "LINQ-KD2\LINQ-KD2.csproj", "{B88D9F6B-92AE-42DD-9EDF-BCB3815D7FBC}"
EndProject
Global
	GlobalSection(SolutionConfigurationPlatforms) = preSolution
		Debug|Any CPU = Debug|Any CPU
		Release|Any CPU = Release|Any CPU
	EndGlobalSection
	GlobalSection(ProjectConfigurationPlatforms) = postSolution
		{B88D9F6B-92AE-42DD-9EDF-BCB3815D7FBC}.Debug|Any CPU.ActiveCfg = Debug|Any CPU
		{B88D9F6B-92AE-42DD-9EDF-BCB3815D7FBC}.Debug|Any CPU.Build.0 = Debug|Any CPU
		{B88D9F6B-92AE-42DD-9EDF-BCB3815D7FBC}.Release|Any CPU.ActiveCfg = Release|Any CPU
		{B88D9F6B-92AE-42DD-9EDF-BCB3815D7FBC}.Release|Any CPU.Build.0 = Release|Any CPU
	EndGlobalSection
	GlobalSection(SolutionProperties) = preSolution
		HideSolutionNode = FALSE
	EndGlobalSection
	GlobalSection(ExtensibilityGlobals) = postSolution
		SolutionGuid = {DC9FFA7A-3925-41CA-9468-033BE32A6B38}
	EndGlobalSection
EndGlobal
